
Microsoft Visual Studio Solution File, Format Version 12.00
# Visual Studio Version 16
VisualStudioVersion = 16.0.29318.209
MinimumVisualStudioVersion = 10.0.40219.1
Project("{2150E333-8FDC-42A3-9474-1A3956D46DE8}") = "BuildingBlocks", "BuildingBlocks", "{680D88B5-7341-4E24-8E91-885F8255018A}"
EndProject
Project("{2150E333-8FDC-42A3-9474-1A3956D46DE8}") = "Core", "Core", "{BA96B399-D464-4E19-B946-03B942A7D6AF}"
EndProject
Project("{2150E333-8FDC-42A3-9474-1A3956D46DE8}") = "Gate", "Gate", "{6C726AFF-44C0-4AFD-BA75-A9C22EEAE950}"
EndProject
Project("{2150E333-8FDC-42A3-9474-1A3956D46DE8}") = "Provider", "Provider", "{C3FB4B20-7744-4D17-95CE-6316CCB1E435}"
EndProject
Project("{2150E333-8FDC-42A3-9474-1A3956D46DE8}") = "Contract", "Contract", "{8CD1CD5F-37E3-4840-B835-69B0D6C314FD}"
EndProject
Project("{9A19103F-16F7-4668-BE54-9A1E7A4F7556}") = "Gherkin.Testing", "Testing\Gherkin.Testing.csproj", "{F0E31601-5E4C-4B99-8EF8-B97F415350A4}"
EndProject
Project("{9A19103F-16F7-4668-BE54-9A1E7A4F7556}") = "Gherkin.BuildingBlocks.Tech", "BuildingBlocks\Tech\Gherkin.BuildingBlocks.Tech.csproj", "{24B34033-4922-425B-9FEA-7FF03D4D468D}"
EndProject
Project("{9A19103F-16F7-4668-BE54-9A1E7A4F7556}") = "Gherkin.BuildingBlocks.Utils", "BuildingBlocks\Utils\Gherkin.BuildingBlocks.Utils.csproj", "{940009CA-ED1B-4945-8154-56CD79DDDAA6}"
EndProject
Project("{9A19103F-16F7-4668-BE54-9A1E7A4F7556}") = "Gherkin.Gate.OnlineStoreApi", "Gate\OnlineStoreAPI\Gherkin.Gate.OnlineStoreApi.csproj", "{155D288B-96DC-45C4-A96F-BAD8502DA9EF}"
EndProject
Project("{9A19103F-16F7-4668-BE54-9A1E7A4F7556}") = "Gherkin.Core.CentralHub", "Core\CountryInventory\Gherkin.Core.CentralHub.csproj", "{A6E91897-D568-4379-B9E1-77269AA07260}"
EndProject
Project("{9A19103F-16F7-4668-BE54-9A1E7A4F7556}") = "Gherkin.Provider.Supplier", "Provider\Supplier\Gherkin.Provider.Supplier.csproj", "{40F3E9C6-225C-4B2C-BF14-EE91E27E9068}"
EndProject
Project("{9A19103F-16F7-4668-BE54-9A1E7A4F7556}") = "Gherkin.Provider.SupplierMock", "Provider\SupplierMock\Gherkin.Provider.SupplierMock.csproj", "{35B4710D-0663-480C-8458-DFDA7CCECE62}"
EndProject
Project("{9A19103F-16F7-4668-BE54-9A1E7A4F7556}") = "Gherkin.Contract.CentralHub", "Contract\CentralHub\Gherkin.Contract.CentralHub.csproj", "{E3EB329F-ACBF-491A-A203-67880B2140E8}"
EndProject
Project("{9A19103F-16F7-4668-BE54-9A1E7A4F7556}") = "Gherkin.Contract.OnlineStoreApi", "Contract\OnlineStoreApi\Gherkin.Contract.OnlineStoreApi.csproj", "{05B526E2-4684-449F-8BEF-C2A4952C1609}"
EndProject
Project("{9A19103F-16F7-4668-BE54-9A1E7A4F7556}") = "Gherkin.Contract.Supplier", "Contract\Supplier\Gherkin.Contract.Supplier.csproj", "{C07A5E38-A445-4BF2-B3E7-E10CC4FE24C9}"
EndProject
Global
	GlobalSection(SolutionConfigurationPlatforms) = preSolution
		Debug|Any CPU = Debug|Any CPU
		Release|Any CPU = Release|Any CPU
	EndGlobalSection
	GlobalSection(ProjectConfigurationPlatforms) = postSolution
		{F0E31601-5E4C-4B99-8EF8-B97F415350A4}.Debug|Any CPU.ActiveCfg = Debug|Any CPU
		{F0E31601-5E4C-4B99-8EF8-B97F415350A4}.Debug|Any CPU.Build.0 = Debug|Any CPU
		{F0E31601-5E4C-4B99-8EF8-B97F415350A4}.Release|Any CPU.ActiveCfg = Release|Any CPU
		{F0E31601-5E4C-4B99-8EF8-B97F415350A4}.Release|Any CPU.Build.0 = Release|Any CPU
		{24B34033-4922-425B-9FEA-7FF03D4D468D}.Debug|Any CPU.ActiveCfg = Debug|Any CPU
		{24B34033-4922-425B-9FEA-7FF03D4D468D}.Debug|Any CPU.Build.0 = Debug|Any CPU
		{24B34033-4922-425B-9FEA-7FF03D4D468D}.Release|Any CPU.ActiveCfg = Release|Any CPU
		{24B34033-4922-425B-9FEA-7FF03D4D468D}.Release|Any CPU.Build.0 = Release|Any CPU
		{940009CA-ED1B-4945-8154-56CD79DDDAA6}.Debug|Any CPU.ActiveCfg = Debug|Any CPU
		{940009CA-ED1B-4945-8154-56CD79DDDAA6}.Debug|Any CPU.Build.0 = Debug|Any CPU
		{940009CA-ED1B-4945-8154-56CD79DDDAA6}.Release|Any CPU.ActiveCfg = Release|Any CPU
		{940009CA-ED1B-4945-8154-56CD79DDDAA6}.Release|Any CPU.Build.0 = Release|Any CPU
		{155D288B-96DC-45C4-A96F-BAD8502DA9EF}.Debug|Any CPU.ActiveCfg = Debug|Any CPU
		{155D288B-96DC-45C4-A96F-BAD8502DA9EF}.Debug|Any CPU.Build.0 = Debug|Any CPU
		{155D288B-96DC-45C4-A96F-BAD8502DA9EF}.Release|Any CPU.ActiveCfg = Release|Any CPU
		{155D288B-96DC-45C4-A96F-BAD8502DA9EF}.Release|Any CPU.Build.0 = Release|Any CPU
		{A6E91897-D568-4379-B9E1-77269AA07260}.Debug|Any CPU.ActiveCfg = Debug|Any CPU
		{A6E91897-D568-4379-B9E1-77269AA07260}.Debug|Any CPU.Build.0 = Debug|Any CPU
		{A6E91897-D568-4379-B9E1-77269AA07260}.Release|Any CPU.ActiveCfg = Release|Any CPU
		{A6E91897-D568-4379-B9E1-77269AA07260}.Release|Any CPU.Build.0 = Release|Any CPU
		{40F3E9C6-225C-4B2C-BF14-EE91E27E9068}.Debug|Any CPU.ActiveCfg = Debug|Any CPU
		{40F3E9C6-225C-4B2C-BF14-EE91E27E9068}.Debug|Any CPU.Build.0 = Debug|Any CPU
		{40F3E9C6-225C-4B2C-BF14-EE91E27E9068}.Release|Any CPU.ActiveCfg = Release|Any CPU
		{40F3E9C6-225C-4B2C-BF14-EE91E27E9068}.Release|Any CPU.Build.0 = Release|Any CPU
		{35B4710D-0663-480C-8458-DFDA7CCECE62}.Debug|Any CPU.ActiveCfg = Debug|Any CPU
		{35B4710D-0663-480C-8458-DFDA7CCECE62}.Debug|Any CPU.Build.0 = Debug|Any CPU
		{35B4710D-0663-480C-8458-DFDA7CCECE62}.Release|Any CPU.ActiveCfg = Release|Any CPU
		{35B4710D-0663-480C-8458-DFDA7CCECE62}.Release|Any CPU.Build.0 = Release|Any CPU
		{E3EB329F-ACBF-491A-A203-67880B2140E8}.Debug|Any CPU.ActiveCfg = Debug|Any CPU
		{E3EB329F-ACBF-491A-A203-67880B2140E8}.Debug|Any CPU.Build.0 = Debug|Any CPU
		{E3EB329F-ACBF-491A-A203-67880B2140E8}.Release|Any CPU.ActiveCfg = Release|Any CPU
		{E3EB329F-ACBF-491A-A203-67880B2140E8}.Release|Any CPU.Build.0 = Release|Any CPU
		{05B526E2-4684-449F-8BEF-C2A4952C1609}.Debug|Any CPU.ActiveCfg = Debug|Any CPU
		{05B526E2-4684-449F-8BEF-C2A4952C1609}.Debug|Any CPU.Build.0 = Debug|Any CPU
		{05B526E2-4684-449F-8BEF-C2A4952C1609}.Release|Any CPU.ActiveCfg = Release|Any CPU
		{05B526E2-4684-449F-8BEF-C2A4952C1609}.Release|Any CPU.Build.0 = Release|Any CPU
		{C07A5E38-A445-4BF2-B3E7-E10CC4FE24C9}.Debug|Any CPU.ActiveCfg = Debug|Any CPU
		{C07A5E38-A445-4BF2-B3E7-E10CC4FE24C9}.Debug|Any CPU.Build.0 = Debug|Any CPU
		{C07A5E38-A445-4BF2-B3E7-E10CC4FE24C9}.Release|Any CPU.ActiveCfg = Release|Any CPU
		{C07A5E38-A445-4BF2-B3E7-E10CC4FE24C9}.Release|Any CPU.Build.0 = Release|Any CPU
	EndGlobalSection
	GlobalSection(SolutionProperties) = preSolution
		HideSolutionNode = FALSE
	EndGlobalSection
	GlobalSection(NestedProjects) = preSolution
		{24B34033-4922-425B-9FEA-7FF03D4D468D} = {680D88B5-7341-4E24-8E91-885F8255018A}
		{940009CA-ED1B-4945-8154-56CD79DDDAA6} = {680D88B5-7341-4E24-8E91-885F8255018A}
		{155D288B-96DC-45C4-A96F-BAD8502DA9EF} = {6C726AFF-44C0-4AFD-BA75-A9C22EEAE950}
		{A6E91897-D568-4379-B9E1-77269AA07260} = {BA96B399-D464-4E19-B946-03B942A7D6AF}
		{40F3E9C6-225C-4B2C-BF14-EE91E27E9068} = {C3FB4B20-7744-4D17-95CE-6316CCB1E435}
		{35B4710D-0663-480C-8458-DFDA7CCECE62} = {C3FB4B20-7744-4D17-95CE-6316CCB1E435}
		{E3EB329F-ACBF-491A-A203-67880B2140E8} = {8CD1CD5F-37E3-4840-B835-69B0D6C314FD}
		{05B526E2-4684-449F-8BEF-C2A4952C1609} = {8CD1CD5F-37E3-4840-B835-69B0D6C314FD}
		{C07A5E38-A445-4BF2-B3E7-E10CC4FE24C9} = {8CD1CD5F-37E3-4840-B835-69B0D6C314FD}
	EndGlobalSection
	GlobalSection(ExtensibilityGlobals) = postSolution
		SolutionGuid = {DC68AFB8-76F9-46C1-8D90-FC0A4AFCDE51}
	EndGlobalSection
EndGlobal
